
Microsoft Visual Studio Solution File, Format Version 12.00
# Visual Studio Version 16
VisualStudioVersion = 16.0.31624.102
MinimumVisualStudioVersion = 10.0.40219.1
Project("{FAE04EC0-301F-11D3-BF4B-00C04F79EFBC}") = "MeteoAlarm2.Android", "MeteoAlarm2\MeteoAlarm2.Android\MeteoAlarm2.Android.csproj", "{61C4EB2F-80DE-4B92-9AD2-4177C77CE7EC}"
EndProject
Project("{FAE04EC0-301F-11D3-BF4B-00C04F79EFBC}") = "MeteoAlarm2.iOS", "MeteoAlarm2\MeteoAlarm2.iOS\MeteoAlarm2.iOS.csproj", "{38E6928D-4081-45F1-86B1-CA1F97F19EB3}"
EndProject
Project("{FAE04EC0-301F-11D3-BF4B-00C04F79EFBC}") = "MeteoAlarm2", "MeteoAlarm2\MeteoAlarm2\MeteoAlarm2.csproj", "{8132F111-6900-4CF2-834F-20B8A05D7E34}"
EndProject
Global
	GlobalSection(SolutionConfigurationPlatforms) = preSolution
		Debug|Any CPU = Debug|Any CPU
		Debug|iPhone = Debug|iPhone
		Debug|iPhoneSimulator = Debug|iPhoneSimulator
		Release|Any CPU = Release|Any CPU
		Release|iPhone = Release|iPhone
		Release|iPhoneSimulator = Release|iPhoneSimulator
	EndGlobalSection
	GlobalSection(ProjectConfigurationPlatforms) = postSolution
		{61C4EB2F-80DE-4B92-9AD2-4177C77CE7EC}.Debug|Any CPU.ActiveCfg = Debug|Any CPU
		{61C4EB2F-80DE-4B92-9AD2-4177C77CE7EC}.Debug|Any CPU.Build.0 = Debug|Any CPU
		{61C4EB2F-80DE-4B92-9AD2-4177C77CE7EC}.Debug|Any CPU.Deploy.0 = Debug|Any CPU
		{61C4EB2F-80DE-4B92-9AD2-4177C77CE7EC}.Debug|iPhone.ActiveCfg = Debug|Any CPU
		{61C4EB2F-80DE-4B92-9AD2-4177C77CE7EC}.Debug|iPhone.Build.0 = Debug|Any CPU
		{61C4EB2F-80DE-4B92-9AD2-4177C77CE7EC}.Debug|iPhone.Deploy.0 = Debug|Any CPU
		{61C4EB2F-80DE-4B92-9AD2-4177C77CE7EC}.Debug|iPhoneSimulator.ActiveCfg = Debug|Any CPU
		{61C4EB2F-80DE-4B92-9AD2-4177C77CE7EC}.Debug|iPhoneSimulator.Build.0 = Debug|Any CPU
		{61C4EB2F-80DE-4B92-9AD2-4177C77CE7EC}.Debug|iPhoneSimulator.Deploy.0 = Debug|Any CPU
		{61C4EB2F-80DE-4B92-9AD2-4177C77CE7EC}.Release|Any CPU.ActiveCfg = Release|Any CPU
		{61C4EB2F-80DE-4B92-9AD2-4177C77CE7EC}.Release|Any CPU.Build.0 = Release|Any CPU
		{61C4EB2F-80DE-4B92-9AD2-4177C77CE7EC}.Release|Any CPU.Deploy.0 = Release|Any CPU
		{61C4EB2F-80DE-4B92-9AD2-4177C77CE7EC}.Release|iPhone.ActiveCfg = Release|Any CPU
		{61C4EB2F-80DE-4B92-9AD2-4177C77CE7EC}.Release|iPhone.Build.0 = Release|Any CPU
		{61C4EB2F-80DE-4B92-9AD2-4177C77CE7EC}.Release|iPhone.Deploy.0 = Release|Any CPU
		{61C4EB2F-80DE-4B92-9AD2-4177C77CE7EC}.Release|iPhoneSimulator.ActiveCfg = Release|Any CPU
		{61C4EB2F-80DE-4B92-9AD2-4177C77CE7EC}.Release|iPhoneSimulator.Build.0 = Release|Any CPU
		{61C4EB2F-80DE-4B92-9AD2-4177C77CE7EC}.Release|iPhoneSimulator.Deploy.0 = Release|Any CPU
		{38E6928D-4081-45F1-86B1-CA1F97F19EB3}.Debug|Any CPU.ActiveCfg = Debug|iPhone
		{38E6928D-4081-45F1-86B1-CA1F97F19EB3}.Debug|Any CPU.Build.0 = Debug|iPhone
		{38E6928D-4081-45F1-86B1-CA1F97F19EB3}.Debug|Any CPU.Deploy.0 = Debug|iPhone
		{38E6928D-4081-45F1-86B1-CA1F97F19EB3}.Debug|iPhone.ActiveCfg = Debug|iPhone
		{38E6928D-4081-45F1-86B1-CA1F97F19EB3}.Debug|iPhone.Build.0 = Debug|iPhone
		{38E6928D-4081-45F1-86B1-CA1F97F19EB3}.Debug|iPhone.Deploy.0 = Debug|iPhone
		{38E6928D-4081-45F1-86B1-CA1F97F19EB3}.Debug|iPhoneSimulator.ActiveCfg = Debug|iPhoneSimulator
		{38E6928D-4081-45F1-86B1-CA1F97F19EB3}.Debug|iPhoneSimulator.Build.0 = Debug|iPhoneSimulator
		{38E6928D-4081-45F1-86B1-CA1F97F19EB3}.Debug|iPhoneSimulator.Deploy.0 = Debug|iPhoneSimulator
		{38E6928D-4081-45F1-86B1-CA1F97F19EB3}.Release|Any CPU.ActiveCfg = Release|iPhoneSimulator
		{38E6928D-4081-45F1-86B1-CA1F97F19EB3}.Release|Any CPU.Build.0 = Release|iPhoneSimulator
		{38E6928D-4081-45F1-86B1-CA1F97F19EB3}.Release|Any CPU.Deploy.0 = Release|iPhoneSimulator
		{38E6928D-4081-45F1-86B1-CA1F97F19EB3}.Release|iPhone.ActiveCfg = Release|iPhone
		{38E6928D-4081-45F1-86B1-CA1F97F19EB3}.Release|iPhone.Build.0 = Release|iPhone
		{38E6928D-4081-45F1-86B1-CA1F97F19EB3}.Release|iPhone.Deploy.0 = Release|iPhone
		{38E6928D-4081-45F1-86B1-CA1F97F19EB3}.Release|iPhoneSimulator.ActiveCfg = Release|iPhoneSimulator
		{38E6928D-4081-45F1-86B1-CA1F97F19EB3}.Release|iPhoneSimulator.Build.0 = Release|iPhoneSimulator
		{38E6928D-4081-45F1-86B1-CA1F97F19EB3}.Release|iPhoneSimulator.Deploy.0 = Release|iPhoneSimulator
		{8132F111-6900-4CF2-834F-20B8A05D7E34}.Debug|Any CPU.ActiveCfg = Debug|Any CPU
		{8132F111-6900-4CF2-834F-20B8A05D7E34}.Debug|Any CPU.Build.0 = Debug|Any CPU
		{8132F111-6900-4CF2-834F-20B8A05D7E34}.Debug|Any CPU.Deploy.0 = Debug|Any CPU
		{8132F111-6900-4CF2-834F-20B8A05D7E34}.Debug|iPhone.ActiveCfg = Debug|Any CPU
		{8132F111-6900-4CF2-834F-20B8A05D7E34}.Debug|iPhone.Build.0 = Debug|Any CPU
		{8132F111-6900-4CF2-834F-20B8A05D7E34}.Debug|iPhone.Deploy.0 = Debug|Any CPU
		{8132F111-6900-4CF2-834F-20B8A05D7E34}.Debug|iPhoneSimulator.ActiveCfg = Debug|Any CPU
		{8132F111-6900-4CF2-834F-20B8A05D7E34}.Debug|iPhoneSimulator.Build.0 = Debug|Any CPU
		{8132F111-6900-4CF2-834F-20B8A05D7E34}.Debug|iPhoneSimulator.Deploy.0 = Debug|Any CPU
		{8132F111-6900-4CF2-834F-20B8A05D7E34}.Release|Any CPU.ActiveCfg = Release|Any CPU
		{8132F111-6900-4CF2-834F-20B8A05D7E34}.Release|Any CPU.Build.0 = Release|Any CPU
		{8132F111-6900-4CF2-834F-20B8A05D7E34}.Release|Any CPU.Deploy.0 = Release|Any CPU
		{8132F111-6900-4CF2-834F-20B8A05D7E34}.Release|iPhone.ActiveCfg = Release|Any CPU
		{8132F111-6900-4CF2-834F-20B8A05D7E34}.Release|iPhone.Build.0 = Release|Any CPU
		{8132F111-6900-4CF2-834F-20B8A05D7E34}.Release|iPhone.Deploy.0 = Release|Any CPU
		{8132F111-6900-4CF2-834F-20B8A05D7E34}.Release|iPhoneSimulator.ActiveCfg = Release|Any CPU
		{8132F111-6900-4CF2-834F-20B8A05D7E34}.Release|iPhoneSimulator.Build.0 = Release|Any CPU
		{8132F111-6900-4CF2-834F-20B8A05D7E34}.Release|iPhoneSimulator.Deploy.0 = Release|Any CPU
	EndGlobalSection
	GlobalSection(SolutionProperties) = preSolution
		HideSolutionNode = FALSE
	EndGlobalSection
	GlobalSection(ExtensibilityGlobals) = postSolution
		SolutionGuid = {52ED7592-4AEA-4F2D-9F5D-147B55A08806}
	EndGlobalSection
EndGlobal
